schema: '2.0'
stages:
  preprocess:
    cmd: py -3 src/preprocess.py data/raw.csv data/raw_processed.csv
    deps:
    - path: data/raw.csv
      hash: md5
      md5: 267efedae75d6c27c54bffe9f2dcd445
      size: 11106
    - path: src/preprocess.py
      hash: md5
      md5: cfc9d4649fae38d5c14eb104bd2e6bc6
      size: 325
    outs:
    - path: data/raw_processed.csv
      hash: md5
      md5: c4f25c6386cb0e61e195dc1ba6d8ca8c
      size: 11360
  train:
    cmd: py -3 src/train.py
    deps:
    - path: data/raw_processed.csv
      hash: md5
      md5: c4f25c6386cb0e61e195dc1ba6d8ca8c
      size: 11360
    - path: params.yaml
      hash: md5
      md5: f670419c770e9ca128f548f06a3f4390
      size: 58
    - path: src/train.py
      hash: md5
      md5: 74f8477caa8159b797ded0b2aae99303
      size: 737
    outs:
    - path: models/model.pkl
      hash: md5
      md5: dc4d20674a12348c2f915160ab9c8651
      size: 1671761
  evaluate:
    cmd: py -3 src/evaluate.py
    deps:
    - path: models/model.pkl
      hash: md5
      md5: dc4d20674a12348c2f915160ab9c8651
      size: 1671761
    - path: src/evaluate.py
      hash: md5
      md5: 0999b2a884cb2ae030197a283a03e08d
      size: 542
    outs:
    - path: metrics.yaml
      hash: md5
      md5: 3239c90294e11da134a6e06d97f31d9f
      size: 357
